# THIS IS AN AUTOGENERATED FILE. DO NOT EDIT THIS FILE DIRECTLY.
# yarn lockfile v1


axios@^0.15.2:
  version "0.15.3"
  resolved "https://registry.yarnpkg.com/axios/-/axios-0.15.3.tgz#2c9d638b2e191a08ea1d6cc988eadd6ba5bdc053"
  integrity sha1-LJ1jiy4ZGgjqHWzJiOrda6W9wFM=
  dependencies:
    follow-redirects "1.0.0"

debug@^2.2.0:
  version "2.6.9"
  resolved "https://registry.yarnpkg.com/debug/-/debug-2.6.9.tgz#5d128515df134ff327e90a4c93f4e077a536341f"
  integrity sha512-bC7ElrdJaJnPbAP+1EotYvqZsb3ecl5wi6Bfi6BJTUcNowp6cvspg0jXznRTKDjm/E7AdgFBVeAPVMNcKGsHMA==
  dependencies:
    ms "2.0.0"

follow-redirects@1.0.0:
  version "1.0.0"
  resolved "https://registry.yarnpkg.com/follow-redirects/-/follow-redirects-1.0.0.tgz#8e34298cbd2e176f254effec75a1c78cc849fd37"
  integrity sha1-jjQpjL0uF28lTv/sdaHHjMhJ/Tc=
  dependencies:
    debug "^2.2.0"

github-api@^3.2.0:
  version "3.2.0"
  resolved "https://registry.yarnpkg.com/github-api/-/github-api-3.2.0.tgz#04f4b28db3b2a67b1df9ec4a715dcb12728e3fee"
  integrity sha512-AsO1LxrCi07qUdCqOExyAgvzvnN8WFV6BQ+LJzzmgzPJQ69+AzTCnt9bc61T8rE/LLj81qOGd7sLJeKbu0lEyA==
  dependencies:
    axios "^0.15.2"
    debug "^2.2.0"
    js-base64 "^2.1.9"
    utf8 "^2.1.1"

js-base64@^2.1.9:
  version "2.5.1"
  resolved "https://registry.yarnpkg.com/js-base64/-/js-base64-2.5.1.tgz#1efa39ef2c5f7980bb1784ade4a8af2de3291121"
  integrity sha512-M7kLczedRMYX4L8Mdh4MzyAMM9O5osx+4FcOQuTvr3A9F2D9S5JXheN0ewNbrvK2UatkTRhL5ejGmGSjNMiZuw==

ms@2.0.0:
  version "2.0.0"
  resolved "https://registry.yarnpkg.com/ms/-/ms-2.0.0.tgz#5608aeadfc00be6c2901df5f9861788de0d597c8"
  integrity sha1-VgiurfwAvmwpAd9fmGF4jeDVl8g=

utf8@^2.1.1:
  version "2.1.2"
  resolved "https://registry.yarnpkg.com/utf8/-/utf8-2.1.2.tgz#1fa0d9270e9be850d9b05027f63519bf46457d96"
  integrity sha1-H6DZJw6b6FDZsFAn9jUZv0ZFfZY=
